version = 1
requires-python = ">=3.13"

[[package]]
name = "confluent-kafka"
version = "2.8.0"
source = { registry = "https://pypi.org/simple" }
sdist = { url = "https://files.pythonhosted.org/packages/bd/a7/a6bd180293fd9ac81f60bf7e9488ba133d5fdaa00aa94518900711c206c0/confluent_kafka-2.8.0.tar.gz", hash = "sha256:56c4aa8e9de6f6e8e3ecf86d396372e76631ec75b107cdb5248c7405ec7c5fa1", size = 189820 }
wheels = [
    { url = "https://files.pythonhosted.org/packages/8e/38/0b6dd243657b5fc85e5f3f005af5addbb8ef537f7d1edcf1c15f1b8f1756/confluent_kafka-2.8.0-cp313-cp313-macosx_13_0_arm64.whl", hash = "sha256:dd3bc67d589dd486d128a159e918ecf3765f8154474edf9f6f701f701de735a1", size = 3046204 },
    { url = "https://files.pythonhosted.org/packages/f5/51/420832cc0161980c1da13fd6b93bf0dfe794e5c8c8c22182d4c33a79e08c/confluent_kafka-2.8.0-cp313-cp313-macosx_13_0_x86_64.whl", hash = "sha256:4c0e655df9faef450654700db3fda163ddbc4b68f5bf5c7633cf1bf9d932d892", size = 3515351 },
    { url = "https://files.pythonhosted.org/packages/58/28/aa3bd7237cafe33224bd431f72a3434c831a8301e6540217768541b3c351/confluent_kafka-2.8.0-cp313-cp313-manylinux_2_28_aarch64.whl", hash = "sha256:abff7c4853e2d118563229329ca0a1f148ee5004cbcb9a8dad9dc8e796fcc477", size = 15154973 },
    { url = "https://files.pythonhosted.org/packages/37/c2/80679106bdda754c63e2293f558aaae21557e671faa569e945126e6cb2d3/confluent_kafka-2.8.0-cp313-cp313-manylinux_2_28_x86_64.whl", hash = "sha256:e75230b51456de5cfaefe94c35f3de5101864d8c21518f114d5cd9dd1d7d43b1", size = 3827966 },
    { url = "https://files.pythonhosted.org/packages/b9/a4/e831d44f370dbd067a780b8fe8959f2e8cb8d878a050dfa06964541b985c/confluent_kafka-2.8.0-cp313-cp313-win_amd64.whl", hash = "sha256:fd8181d2866dd182c3247f61740cd2bc1526c9ae1d9e541cd96c44f0f72d4460", size = 4017837 },
]

[[package]]
name = "goflow2-python-kafka"
version = "0.1.0"
source = { virtual = "." }
dependencies = [
    { name = "confluent-kafka" },
    { name = "protobuf" },
    { name = "python-json-logger" },
]

[package.dev-dependencies]
dev = [
    { name = "ruff" },
    { name = "types-confluent-kafka" },
]

[package.metadata]
requires-dist = [
    { name = "confluent-kafka", specifier = ">=2.8.0" },
    { name = "protobuf", specifier = ">=5.29.3" },
    { name = "python-json-logger", specifier = ">=3.2.1" },
]

[package.metadata.requires-dev]
dev = [
    { name = "ruff", specifier = ">=0.9.3" },
    { name = "types-confluent-kafka", specifier = ">=1.3.1" },
]

[[package]]
name = "protobuf"
version = "5.29.3"
source = { registry = "https://pypi.org/simple" }
sdist = { url = "https://files.pythonhosted.org/packages/f7/d1/e0a911544ca9993e0f17ce6d3cc0932752356c1b0a834397f28e63479344/protobuf-5.29.3.tar.gz", hash = "sha256:5da0f41edaf117bde316404bad1a486cb4ededf8e4a54891296f648e8e076620", size = 424945 }
wheels = [
    { url = "https://files.pythonhosted.org/packages/dc/7a/1e38f3cafa022f477ca0f57a1f49962f21ad25850c3ca0acd3b9d0091518/protobuf-5.29.3-cp310-abi3-win32.whl", hash = "sha256:3ea51771449e1035f26069c4c7fd51fba990d07bc55ba80701c78f886bf9c888", size = 422708 },
    { url = "https://files.pythonhosted.org/packages/61/fa/aae8e10512b83de633f2646506a6d835b151edf4b30d18d73afd01447253/protobuf-5.29.3-cp310-abi3-win_amd64.whl", hash = "sha256:a4fa6f80816a9a0678429e84973f2f98cbc218cca434abe8db2ad0bffc98503a", size = 434508 },
    { url = "https://files.pythonhosted.org/packages/dd/04/3eaedc2ba17a088961d0e3bd396eac764450f431621b58a04ce898acd126/protobuf-5.29.3-cp38-abi3-macosx_10_9_universal2.whl", hash = "sha256:a8434404bbf139aa9e1300dbf989667a83d42ddda9153d8ab76e0d5dcaca484e", size = 417825 },
    { url = "https://files.pythonhosted.org/packages/4f/06/7c467744d23c3979ce250397e26d8ad8eeb2bea7b18ca12ad58313c1b8d5/protobuf-5.29.3-cp38-abi3-manylinux2014_aarch64.whl", hash = "sha256:daaf63f70f25e8689c072cfad4334ca0ac1d1e05a92fc15c54eb9cf23c3efd84", size = 319573 },
    { url = "https://files.pythonhosted.org/packages/a8/45/2ebbde52ad2be18d3675b6bee50e68cd73c9e0654de77d595540b5129df8/protobuf-5.29.3-cp38-abi3-manylinux2014_x86_64.whl", hash = "sha256:c027e08a08be10b67c06bf2370b99c811c466398c357e615ca88c91c07f0910f", size = 319672 },
    { url = "https://files.pythonhosted.org/packages/fd/b2/ab07b09e0f6d143dfb839693aa05765257bceaa13d03bf1a696b78323e7a/protobuf-5.29.3-py3-none-any.whl", hash = "sha256:0a18ed4a24198528f2333802eb075e59dea9d679ab7a6c5efb017a59004d849f", size = 172550 },
]

[[package]]
name = "python-json-logger"
version = "3.2.1"
source = { registry = "https://pypi.org/simple" }
sdist = { url = "https://files.pythonhosted.org/packages/e3/c4/358cd13daa1d912ef795010897a483ab2f0b41c9ea1b35235a8b2f7d15a7/python_json_logger-3.2.1.tar.gz", hash = "sha256:8eb0554ea17cb75b05d2848bc14fb02fbdbd9d6972120781b974380bfa162008", size = 16287 }
wheels = [
    { url = "https://files.pythonhosted.org/packages/4b/72/2f30cf26664fcfa0bd8ec5ee62ec90c03bd485e4a294d92aabc76c5203a5/python_json_logger-3.2.1-py3-none-any.whl", hash = "sha256:cdc17047eb5374bd311e748b42f99d71223f3b0e186f4206cc5d52aefe85b090", size = 14924 },
]

[[package]]
name = "ruff"
version = "0.9.3"
source = { registry = "https://pypi.org/simple" }
sdist = { url = "https://files.pythonhosted.org/packages/1e/7f/60fda2eec81f23f8aa7cbbfdf6ec2ca11eb11c273827933fb2541c2ce9d8/ruff-0.9.3.tar.gz", hash = "sha256:8293f89985a090ebc3ed1064df31f3b4b56320cdfcec8b60d3295bddb955c22a", size = 3586740 }
wheels = [
    { url = "https://files.pythonhosted.org/packages/f9/77/4fb790596d5d52c87fd55b7160c557c400e90f6116a56d82d76e95d9374a/ruff-0.9.3-py3-none-linux_armv6l.whl", hash = "sha256:7f39b879064c7d9670197d91124a75d118d00b0990586549949aae80cdc16624", size = 11656815 },
    { url = "https://files.pythonhosted.org/packages/a2/a8/3338ecb97573eafe74505f28431df3842c1933c5f8eae615427c1de32858/ruff-0.9.3-py3-none-macosx_10_12_x86_64.whl", hash = "sha256:a187171e7c09efa4b4cc30ee5d0d55a8d6c5311b3e1b74ac5cb96cc89bafc43c", size = 11594821 },
    { url = "https://files.pythonhosted.org/packages/8e/89/320223c3421962762531a6b2dd58579b858ca9916fb2674874df5e97d628/ruff-0.9.3-py3-none-macosx_11_0_arm64.whl", hash = "sha256:c59ab92f8e92d6725b7ded9d4a31be3ef42688a115c6d3da9457a5bda140e2b4", size = 11040475 },
    { url = "https://files.pythonhosted.org/packages/b2/bd/1d775eac5e51409535804a3a888a9623e87a8f4b53e2491580858a083692/ruff-0.9.3-py3-none-manylinux_2_17_aarch64.manylinux2014_aarch64.whl", hash = "sha256:2dc153c25e715be41bb228bc651c1e9b1a88d5c6e5ed0194fa0dfea02b026439", size = 11856207 },
    { url = "https://files.pythonhosted.org/packages/7f/c6/3e14e09be29587393d188454064a4aa85174910d16644051a80444e4fd88/ruff-0.9.3-py3-none-manylinux_2_17_armv7l.manylinux2014_armv7l.whl", hash = "sha256:646909a1e25e0dc28fbc529eab8eb7bb583079628e8cbe738192853dbbe43af5", size = 11420460 },
    { url = "https://files.pythonhosted.org/packages/ef/42/b7ca38ffd568ae9b128a2fa76353e9a9a3c80ef19746408d4ce99217ecc1/ruff-0.9.3-py3-none-manylinux_2_17_i686.manylinux2014_i686.whl", hash = "sha256:5a5a46e09355695fbdbb30ed9889d6cf1c61b77b700a9fafc21b41f097bfbba4", size = 12605472 },
    { url = "https://files.pythonhosted.org/packages/a6/a1/3167023f23e3530fde899497ccfe239e4523854cb874458ac082992d206c/ruff-0.9.3-py3-none-manylinux_2_17_ppc64.manylinux2014_ppc64.whl", hash = "sha256:c4bb09d2bbb394e3730d0918c00276e79b2de70ec2a5231cd4ebb51a57df9ba1", size = 13243123 },
    { url = "https://files.pythonhosted.org/packages/d0/b4/3c600758e320f5bf7de16858502e849f4216cb0151f819fa0d1154874802/ruff-0.9.3-py3-none-manylinux_2_17_ppc64le.manylinux2014_ppc64le.whl", hash = "sha256:96a87ec31dc1044d8c2da2ebbed1c456d9b561e7d087734336518181b26b3aa5", size = 12744650 },
    { url = "https://files.pythonhosted.org/packages/be/38/266fbcbb3d0088862c9bafa8b1b99486691d2945a90b9a7316336a0d9a1b/ruff-0.9.3-py3-none-manylinux_2_17_s390x.manylinux2014_s390x.whl", hash = "sha256:9bb7554aca6f842645022fe2d301c264e6925baa708b392867b7a62645304df4", size = 14458585 },
    { url = "https://files.pythonhosted.org/packages/63/a6/47fd0e96990ee9b7a4abda62de26d291bd3f7647218d05b7d6d38af47c30/ruff-0.9.3-py3-none-manylinux_2_17_x86_64.manylinux2014_x86_64.whl", hash = "sha256:cabc332b7075a914ecea912cd1f3d4370489c8018f2c945a30bcc934e3bc06a6", size = 12419624 },
    { url = "https://files.pythonhosted.org/packages/84/5d/de0b7652e09f7dda49e1a3825a164a65f4998175b6486603c7601279baad/ruff-0.9.3-py3-none-musllinux_1_2_aarch64.whl", hash = "sha256:33866c3cc2a575cbd546f2cd02bdd466fed65118e4365ee538a3deffd6fcb730", size = 11843238 },
    { url = "https://files.pythonhosted.org/packages/9e/be/3f341ceb1c62b565ec1fb6fd2139cc40b60ae6eff4b6fb8f94b1bb37c7a9/ruff-0.9.3-py3-none-musllinux_1_2_armv7l.whl", hash = "sha256:006e5de2621304c8810bcd2ee101587712fa93b4f955ed0985907a36c427e0c2", size = 11484012 },
    { url = "https://files.pythonhosted.org/packages/a3/c8/ff8acbd33addc7e797e702cf00bfde352ab469723720c5607b964491d5cf/ruff-0.9.3-py3-none-musllinux_1_2_i686.whl", hash = "sha256:ba6eea4459dbd6b1be4e6bfc766079fb9b8dd2e5a35aff6baee4d9b1514ea519", size = 12038494 },
    { url = "https://files.pythonhosted.org/packages/73/b1/8d9a2c0efbbabe848b55f877bc10c5001a37ab10aca13c711431673414e5/ruff-0.9.3-py3-none-musllinux_1_2_x86_64.whl", hash = "sha256:90230a6b8055ad47d3325e9ee8f8a9ae7e273078a66401ac66df68943ced029b", size = 12473639 },
    { url = "https://files.pythonhosted.org/packages/cb/44/a673647105b1ba6da9824a928634fe23186ab19f9d526d7bdf278cd27bc3/ruff-0.9.3-py3-none-win32.whl", hash = "sha256:eabe5eb2c19a42f4808c03b82bd313fc84d4e395133fb3fc1b1516170a31213c", size = 9834353 },
    { url = "https://files.pythonhosted.org/packages/c3/01/65cadb59bf8d4fbe33d1a750103e6883d9ef302f60c28b73b773092fbde5/ruff-0.9.3-py3-none-win_amd64.whl", hash = "sha256:040ceb7f20791dfa0e78b4230ee9dce23da3b64dd5848e40e3bf3ab76468dcf4", size = 10821444 },
    { url = "https://files.pythonhosted.org/packages/69/cb/b3fe58a136a27d981911cba2f18e4b29f15010623b79f0f2510fd0d31fd3/ruff-0.9.3-py3-none-win_arm64.whl", hash = "sha256:800d773f6d4d33b0a3c60e2c6ae8f4c202ea2de056365acfa519aa48acf28e0b", size = 10038168 },
]

[[package]]
name = "types-confluent-kafka"
version = "1.3.1"
source = { registry = "https://pypi.org/simple" }
sdist = { url = "https://files.pythonhosted.org/packages/8d/93/6b402d113fe12528c7664619eaa94c5045dc597c194b508abbcde59f23ba/types_confluent_kafka-1.3.1.tar.gz", hash = "sha256:9602e242cf613cc12221ee587eb148b40f33225879c88f1ad11fd90ee35e48d7", size = 21633 }
wheels = [
    { url = "https://files.pythonhosted.org/packages/1c/c9/d491625b5f67f8061543c02f8286933670155c8c277178a68076153533c3/types_confluent_kafka-1.3.1-py3-none-any.whl", hash = "sha256:de660625b357b98728c90fe27c010c7a073c0083a90e447175295c5a908ac7a7", size = 35267 },
]
